
Microsoft Visual Studio Solution File, Format Version 12.00
# Visual Studio 14
VisualStudioVersion = 14.0.25420.1
MinimumVisualStudioVersion = 10.0.40219.1
Project("{FAE04EC0-301F-11D3-BF4B-00C04F79EFBC}") = "Labs_1_QuickSort", "Labs_1_QuickSort\Labs_1_QuickSort.csproj", "{6E9B27E7-AC02-4452-97C7-8A8F92D6C454}"
EndProject
Project("{FAE04EC0-301F-11D3-BF4B-00C04F79EFBC}") = "Labs_1_UnitTests", "Labs_1_UnitTests\Labs_1_UnitTests.csproj", "{26F33B48-7FD2-4FC8-82E8-682C298B57BD}"
	ProjectSection(ProjectDependencies) = postProject
		{6E9B27E7-AC02-4452-97C7-8A8F92D6C454} = {6E9B27E7-AC02-4452-97C7-8A8F92D6C454}
	EndProjectSection
EndProject
Global
	GlobalSection(SolutionConfigurationPlatforms) = preSolution
		Debug|Any CPU = Debug|Any CPU
		Debug|x64 = Debug|x64
		Release|Any CPU = Release|Any CPU
		Release|x64 = Release|x64
	EndGlobalSection
	GlobalSection(ProjectConfigurationPlatforms) = postSolution
		{6E9B27E7-AC02-4452-97C7-8A8F92D6C454}.Debug|Any CPU.ActiveCfg = Debug|Any CPU
		{6E9B27E7-AC02-4452-97C7-8A8F92D6C454}.Debug|Any CPU.Build.0 = Debug|Any CPU
		{6E9B27E7-AC02-4452-97C7-8A8F92D6C454}.Debug|x64.ActiveCfg = Debug|Any CPU
		{6E9B27E7-AC02-4452-97C7-8A8F92D6C454}.Debug|x64.Build.0 = Debug|Any CPU
		{6E9B27E7-AC02-4452-97C7-8A8F92D6C454}.Release|Any CPU.ActiveCfg = Release|Any CPU
		{6E9B27E7-AC02-4452-97C7-8A8F92D6C454}.Release|Any CPU.Build.0 = Release|Any CPU
		{6E9B27E7-AC02-4452-97C7-8A8F92D6C454}.Release|x64.ActiveCfg = Release|x64
		{6E9B27E7-AC02-4452-97C7-8A8F92D6C454}.Release|x64.Build.0 = Release|x64
		{26F33B48-7FD2-4FC8-82E8-682C298B57BD}.Debug|Any CPU.ActiveCfg = Debug|Any CPU
		{26F33B48-7FD2-4FC8-82E8-682C298B57BD}.Debug|Any CPU.Build.0 = Debug|Any CPU
		{26F33B48-7FD2-4FC8-82E8-682C298B57BD}.Debug|x64.ActiveCfg = Debug|Any CPU
		{26F33B48-7FD2-4FC8-82E8-682C298B57BD}.Debug|x64.Build.0 = Debug|Any CPU
		{26F33B48-7FD2-4FC8-82E8-682C298B57BD}.Release|Any CPU.ActiveCfg = Release|Any CPU
		{26F33B48-7FD2-4FC8-82E8-682C298B57BD}.Release|Any CPU.Build.0 = Release|Any CPU
		{26F33B48-7FD2-4FC8-82E8-682C298B57BD}.Release|x64.ActiveCfg = Release|Any CPU
		{26F33B48-7FD2-4FC8-82E8-682C298B57BD}.Release|x64.Build.0 = Release|Any CPU
	EndGlobalSection
	GlobalSection(SolutionProperties) = preSolution
		HideSolutionNode = FALSE
	EndGlobalSection
EndGlobal
